langcode: en
status: true
dependencies:
  config:
    - contact.form.feedback
  module:
    - contact_block
    - system
  theme:
    - izabelazielinska
id: contactblock
theme: izabelazielinska
region: content
weight: 0
provider: null
plugin: contact_block
settings:
  id: contact_block
  label: 'Contact block'
  provider: contact_block
  label_display: '0'
  contact_form: feedback
visibility:
  request_path:
    id: request_path
    pages: "/contact\r\n/kontakt\r\n/kontact"
    negate: false
    context_mapping: {  }
