langcode: en
status: true
dependencies:
  module:
    - izazielinska_site
  theme:
    - izabelazielinska
id: copyrightblock
theme: izabelazielinska
region: footer
weight: -8
provider: null
plugin: copyright_block
settings:
  id: copyright_block
  label: CopyrightBlock
  provider: izazielinska_site
  label_display: '0'
  copyright_block_settings: null
visibility: {  }
